
Microsoft Visual Studio Solution File, Format Version 12.00
# Visual Studio Version 16
VisualStudioVersion = 16.0.34031.81
MinimumVisualStudioVersion = 10.0.40219.1
Project("{FAE04EC0-301F-11D3-BF4B-00C04F79EFBC}") = "AccessPeople", "AccessPeople.csproj", "{FD0CF994-D0C6-4B37-900A-A719126016E7}"
EndProject
Project("{2150E333-8FDC-42A3-9474-1A3956D46DE8}") = "NewFolder1", "NewFolder1", "{65A01CC3-CF6F-4ADA-814B-2B47DAA972B5}"
EndProject
Global
	GlobalSection(SolutionConfigurationPlatforms) = preSolution
		Debug|Any CPU = Debug|Any CPU
		Release|Any CPU = Release|Any CPU
	EndGlobalSection
	GlobalSection(ProjectConfigurationPlatforms) = postSolution
		{FD0CF994-D0C6-4B37-900A-A719126016E7}.Debug|Any CPU.ActiveCfg = Debug|Any CPU
		{FD0CF994-D0C6-4B37-900A-A719126016E7}.Debug|Any CPU.Build.0 = Debug|Any CPU
		{FD0CF994-D0C6-4B37-900A-A719126016E7}.Release|Any CPU.ActiveCfg = Release|Any CPU
		{FD0CF994-D0C6-4B37-900A-A719126016E7}.Release|Any CPU.Build.0 = Release|Any CPU
	EndGlobalSection
	GlobalSection(SolutionProperties) = preSolution
		HideSolutionNode = FALSE
	EndGlobalSection
	GlobalSection(ExtensibilityGlobals) = postSolution
		SolutionGuid = {C092AD0D-0470-489A-A36C-934FB6EA80DC}
	EndGlobalSection
EndGlobal
